
Microsoft Visual Studio Solution File, Format Version 12.00
# Visual Studio Version 17
VisualStudioVersion = 17.11.35222.181
MinimumVisualStudioVersion = 10.0.40219.1
Project("{2150E333-8FDC-42A3-9474-1A3956D46DE8}") = "Task0", "Task0", "{ADC4099D-4720-42AF-BCE1-3DA439BDD839}"
EndProject
Project("{9A19103F-16F7-4668-BE54-9A1E7A4F7556}") = "Tyuiu.MorozovSM.Sprint1.Task0.V6.Test", "Tyuiu.MorozovSM.Sprint1.Task0.V6.Test\Tyuiu.MorozovSM.Sprint1.Task0.V6.Test.csproj", "{40C1CBF7-AAF7-4E4D-A76C-89C711933C7E}"
EndProject
Project("{9A19103F-16F7-4668-BE54-9A1E7A4F7556}") = "Tyuiu.MorozovSM.Sprint1.Task0.V6.Lib", "Tyuiu.MorozovSM.Sprint1.Task0.V6.Lib\Tyuiu.MorozovSM.Sprint1.Task0.V6.Lib.csproj", "{2C852213-125D-49AB-B35D-A516EAFDF3A2}"
EndProject
Project("{9A19103F-16F7-4668-BE54-9A1E7A4F7556}") = "Tyuiu.MorozovSM.Sprint1.Task0.V6", "Tyuiu.MorozovSM.Sprint1.Task0.V6\Tyuiu.MorozovSM.Sprint1.Task0.V6.csproj", "{6D4599D6-BB5B-4B71-A3A1-147045B416B3}"
EndProject
Project("{2150E333-8FDC-42A3-9474-1A3956D46DE8}") = "Task1", "Task1", "{1C315C60-FD5D-447C-BD75-644783EFF837}"
EndProject
Project("{9A19103F-16F7-4668-BE54-9A1E7A4F7556}") = "Tyuiu.MorozovSM.Sprint1.Task1.V4", "Tyuiu.MorozovSM.Sprint1.Task1.V4\Tyuiu.MorozovSM.Sprint1.Task1.V4.csproj", "{76B982E1-FD51-42F9-B2F2-222332B9B0A9}"
EndProject
Project("{9A19103F-16F7-4668-BE54-9A1E7A4F7556}") = "Tyuiu.MorozovSM.Sprint1.Task1.V4.Lib", "Tyuiu.MorozovSM.Sprint1.Task1.V4.Lib\Tyuiu.MorozovSM.Sprint1.Task1.V4.Lib.csproj", "{C5711B13-6F13-4CF1-BB0D-07AD3F5632C2}"
EndProject
Project("{9A19103F-16F7-4668-BE54-9A1E7A4F7556}") = "Tyuiu.MorozovSM.Sprint1.Task1.V4.Test", "Tyuiu.MorozovSM.Sprint1.Task1.V4.Test\Tyuiu.MorozovSM.Sprint1.Task1.V4.Test.csproj", "{B09BACC5-8123-4307-A087-F299AAE916AA}"
EndProject
Project("{2150E333-8FDC-42A3-9474-1A3956D46DE8}") = "Task2", "Task2", "{167B625E-6264-4BBD-9AB6-8269F92E0D94}"
EndProject
Project("{9A19103F-16F7-4668-BE54-9A1E7A4F7556}") = "Tyuiu.MorozovSM.Sprint1.Task2.V14", "Tyuiu.MorozovSM.Sprint1.Task2.V14\Tyuiu.MorozovSM.Sprint1.Task2.V14.csproj", "{96E719C2-2A56-40F8-AECC-53BF6519D763}"
EndProject
Project("{9A19103F-16F7-4668-BE54-9A1E7A4F7556}") = "Tyuiu.MorozovSM.Sprint1.Task2.V14.Test", "Tyuiu.MorozovSM.Sprint1.Task2.V14.Test\Tyuiu.MorozovSM.Sprint1.Task2.V14.Test.csproj", "{B7D96878-3734-482F-A125-4AC07A854C93}"
EndProject
Project("{9A19103F-16F7-4668-BE54-9A1E7A4F7556}") = "Tyuiu.MorozovSM.Sprint1.Task2.V14.Lib", "Tyuiu.MorozovSM.Sprint1.Task2.V14.Lib\Tyuiu.MorozovSM.Sprint1.Task2.V14.Lib.csproj", "{631EB049-E706-41B1-A5A4-1D431EB90616}"
EndProject
Project("{2150E333-8FDC-42A3-9474-1A3956D46DE8}") = "Task3", "Task3", "{0ED5C9E4-89FF-491A-AA6E-0220DE8FD90F}"
EndProject
Project("{9A19103F-16F7-4668-BE54-9A1E7A4F7556}") = "Tyuiu.MorozovSM.Sprint1.Task3.V3", "Tyuiu.MorozovSM.Sprint1.Task3.V3\Tyuiu.MorozovSM.Sprint1.Task3.V3.csproj", "{51297789-D5FA-4BB7-8B33-909C6429D773}"
EndProject
Project("{9A19103F-16F7-4668-BE54-9A1E7A4F7556}") = "Tyuiu.MorozovSM.Sprint1.Task3.V3.Lib", "Tyuiu.MorozovSM.Sprint1.Task3.V3.Lib\Tyuiu.MorozovSM.Sprint1.Task3.V3.Lib.csproj", "{FD5E00D0-AF36-4C40-ADCA-ABEBCFC69646}"
EndProject
Project("{9A19103F-16F7-4668-BE54-9A1E7A4F7556}") = "Tyuiu.MorozovSM.Sprint1.Task3.V3.Test", "Tyuiu.MorozovSM.Sprint1.Task3.V3.Test\Tyuiu.MorozovSM.Sprint1.Task3.V3.Test.csproj", "{382FE125-3EB2-4308-81AF-97A9B31C874D}"
EndProject
Project("{2150E333-8FDC-42A3-9474-1A3956D46DE8}") = "Task4", "Task4", "{51EF9219-5FE9-48EE-A738-F89C32A4DAE0}"
EndProject
Project("{FAE04EC0-301F-11D3-BF4B-00C04F79EFBC}") = "Tyuiu.MorozovSM.Sprint1.Task4.V20", "Tyuiu.MorozovSM.Sprint1.Task4.V20\Tyuiu.MorozovSM.Sprint1.Task4.V20.csproj", "{B630BDED-6545-42F1-A7EF-6890500A8134}"
EndProject
Project("{FAE04EC0-301F-11D3-BF4B-00C04F79EFBC}") = "Tyuiu.MorozovSM.Sprint1.Task4.V20.Test", "Tyuiu.MorozovSM.Sprint1.Task4.V20.Test\Tyuiu.MorozovSM.Sprint1.Task4.V20.Test.csproj", "{3469AB47-D5E9-4C96-8BE2-9369A7306C10}"
EndProject
Project("{FAE04EC0-301F-11D3-BF4B-00C04F79EFBC}") = "Tyuiu.MorozovSM.Sprint1.Task4.V20.Lib", "Tyuiu.MorozovSM.Sprint1.Task4.V20.Lib\Tyuiu.MorozovSM.Sprint1.Task4.V20.Lib.csproj", "{5BCDC7BA-2F1D-4954-9816-D96F17287926}"
EndProject
Global
	GlobalSection(SolutionConfigurationPlatforms) = preSolution
		Debug|Any CPU = Debug|Any CPU
		Release|Any CPU = Release|Any CPU
	EndGlobalSection
	GlobalSection(ProjectConfigurationPlatforms) = postSolution
		{40C1CBF7-AAF7-4E4D-A76C-89C711933C7E}.Debug|Any CPU.ActiveCfg = Debug|Any CPU
		{40C1CBF7-AAF7-4E4D-A76C-89C711933C7E}.Debug|Any CPU.Build.0 = Debug|Any CPU
		{40C1CBF7-AAF7-4E4D-A76C-89C711933C7E}.Release|Any CPU.ActiveCfg = Release|Any CPU
		{40C1CBF7-AAF7-4E4D-A76C-89C711933C7E}.Release|Any CPU.Build.0 = Release|Any CPU
		{2C852213-125D-49AB-B35D-A516EAFDF3A2}.Debug|Any CPU.ActiveCfg = Debug|Any CPU
		{2C852213-125D-49AB-B35D-A516EAFDF3A2}.Debug|Any CPU.Build.0 = Debug|Any CPU
		{2C852213-125D-49AB-B35D-A516EAFDF3A2}.Release|Any CPU.ActiveCfg = Release|Any CPU
		{2C852213-125D-49AB-B35D-A516EAFDF3A2}.Release|Any CPU.Build.0 = Release|Any CPU
		{6D4599D6-BB5B-4B71-A3A1-147045B416B3}.Debug|Any CPU.ActiveCfg = Debug|Any CPU
		{6D4599D6-BB5B-4B71-A3A1-147045B416B3}.Debug|Any CPU.Build.0 = Debug|Any CPU
		{6D4599D6-BB5B-4B71-A3A1-147045B416B3}.Release|Any CPU.ActiveCfg = Release|Any CPU
		{6D4599D6-BB5B-4B71-A3A1-147045B416B3}.Release|Any CPU.Build.0 = Release|Any CPU
		{76B982E1-FD51-42F9-B2F2-222332B9B0A9}.Debug|Any CPU.ActiveCfg = Debug|Any CPU
		{76B982E1-FD51-42F9-B2F2-222332B9B0A9}.Debug|Any CPU.Build.0 = Debug|Any CPU
		{76B982E1-FD51-42F9-B2F2-222332B9B0A9}.Release|Any CPU.ActiveCfg = Release|Any CPU
		{76B982E1-FD51-42F9-B2F2-222332B9B0A9}.Release|Any CPU.Build.0 = Release|Any CPU
		{C5711B13-6F13-4CF1-BB0D-07AD3F5632C2}.Debug|Any CPU.ActiveCfg = Debug|Any CPU
		{C5711B13-6F13-4CF1-BB0D-07AD3F5632C2}.Debug|Any CPU.Build.0 = Debug|Any CPU
		{C5711B13-6F13-4CF1-BB0D-07AD3F5632C2}.Release|Any CPU.ActiveCfg = Release|Any CPU
		{C5711B13-6F13-4CF1-BB0D-07AD3F5632C2}.Release|Any CPU.Build.0 = Release|Any CPU
		{B09BACC5-8123-4307-A087-F299AAE916AA}.Debug|Any CPU.ActiveCfg = Debug|Any CPU
		{B09BACC5-8123-4307-A087-F299AAE916AA}.Debug|Any CPU.Build.0 = Debug|Any CPU
		{B09BACC5-8123-4307-A087-F299AAE916AA}.Release|Any CPU.ActiveCfg = Release|Any CPU
		{B09BACC5-8123-4307-A087-F299AAE916AA}.Release|Any CPU.Build.0 = Release|Any CPU
		{96E719C2-2A56-40F8-AECC-53BF6519D763}.Debug|Any CPU.ActiveCfg = Debug|Any CPU
		{96E719C2-2A56-40F8-AECC-53BF6519D763}.Debug|Any CPU.Build.0 = Debug|Any CPU
		{96E719C2-2A56-40F8-AECC-53BF6519D763}.Release|Any CPU.ActiveCfg = Release|Any CPU
		{96E719C2-2A56-40F8-AECC-53BF6519D763}.Release|Any CPU.Build.0 = Release|Any CPU
		{B7D96878-3734-482F-A125-4AC07A854C93}.Debug|Any CPU.ActiveCfg = Debug|Any CPU
		{B7D96878-3734-482F-A125-4AC07A854C93}.Debug|Any CPU.Build.0 = Debug|Any CPU
		{B7D96878-3734-482F-A125-4AC07A854C93}.Release|Any CPU.ActiveCfg = Release|Any CPU
		{B7D96878-3734-482F-A125-4AC07A854C93}.Release|Any CPU.Build.0 = Release|Any CPU
		{631EB049-E706-41B1-A5A4-1D431EB90616}.Debug|Any CPU.ActiveCfg = Debug|Any CPU
		{631EB049-E706-41B1-A5A4-1D431EB90616}.Debug|Any CPU.Build.0 = Debug|Any CPU
		{631EB049-E706-41B1-A5A4-1D431EB90616}.Release|Any CPU.ActiveCfg = Release|Any CPU
		{631EB049-E706-41B1-A5A4-1D431EB90616}.Release|Any CPU.Build.0 = Release|Any CPU
		{51297789-D5FA-4BB7-8B33-909C6429D773}.Debug|Any CPU.ActiveCfg = Debug|Any CPU
		{51297789-D5FA-4BB7-8B33-909C6429D773}.Debug|Any CPU.Build.0 = Debug|Any CPU
		{51297789-D5FA-4BB7-8B33-909C6429D773}.Release|Any CPU.ActiveCfg = Release|Any CPU
		{51297789-D5FA-4BB7-8B33-909C6429D773}.Release|Any CPU.Build.0 = Release|Any CPU
		{FD5E00D0-AF36-4C40-ADCA-ABEBCFC69646}.Debug|Any CPU.ActiveCfg = Debug|Any CPU
		{FD5E00D0-AF36-4C40-ADCA-ABEBCFC69646}.Debug|Any CPU.Build.0 = Debug|Any CPU
		{FD5E00D0-AF36-4C40-ADCA-ABEBCFC69646}.Release|Any CPU.ActiveCfg = Release|Any CPU
		{FD5E00D0-AF36-4C40-ADCA-ABEBCFC69646}.Release|Any CPU.Build.0 = Release|Any CPU
		{382FE125-3EB2-4308-81AF-97A9B31C874D}.Debug|Any CPU.ActiveCfg = Debug|Any CPU
		{382FE125-3EB2-4308-81AF-97A9B31C874D}.Debug|Any CPU.Build.0 = Debug|Any CPU
		{382FE125-3EB2-4308-81AF-97A9B31C874D}.Release|Any CPU.ActiveCfg = Release|Any CPU
		{382FE125-3EB2-4308-81AF-97A9B31C874D}.Release|Any CPU.Build.0 = Release|Any CPU
		{B630BDED-6545-42F1-A7EF-6890500A8134}.Debug|Any CPU.ActiveCfg = Debug|Any CPU
		{B630BDED-6545-42F1-A7EF-6890500A8134}.Debug|Any CPU.Build.0 = Debug|Any CPU
		{B630BDED-6545-42F1-A7EF-6890500A8134}.Release|Any CPU.ActiveCfg = Release|Any CPU
		{B630BDED-6545-42F1-A7EF-6890500A8134}.Release|Any CPU.Build.0 = Release|Any CPU
		{3469AB47-D5E9-4C96-8BE2-9369A7306C10}.Debug|Any CPU.ActiveCfg = Debug|Any CPU
		{3469AB47-D5E9-4C96-8BE2-9369A7306C10}.Debug|Any CPU.Build.0 = Debug|Any CPU
		{3469AB47-D5E9-4C96-8BE2-9369A7306C10}.Release|Any CPU.ActiveCfg = Release|Any CPU
		{3469AB47-D5E9-4C96-8BE2-9369A7306C10}.Release|Any CPU.Build.0 = Release|Any CPU
		{5BCDC7BA-2F1D-4954-9816-D96F17287926}.Debug|Any CPU.ActiveCfg = Debug|Any CPU
		{5BCDC7BA-2F1D-4954-9816-D96F17287926}.Debug|Any CPU.Build.0 = Debug|Any CPU
		{5BCDC7BA-2F1D-4954-9816-D96F17287926}.Release|Any CPU.ActiveCfg = Release|Any CPU
		{5BCDC7BA-2F1D-4954-9816-D96F17287926}.Release|Any CPU.Build.0 = Release|Any CPU
	EndGlobalSection
	GlobalSection(SolutionProperties) = preSolution
		HideSolutionNode = FALSE
	EndGlobalSection
	GlobalSection(NestedProjects) = preSolution
		{40C1CBF7-AAF7-4E4D-A76C-89C711933C7E} = {ADC4099D-4720-42AF-BCE1-3DA439BDD839}
		{2C852213-125D-49AB-B35D-A516EAFDF3A2} = {ADC4099D-4720-42AF-BCE1-3DA439BDD839}
		{6D4599D6-BB5B-4B71-A3A1-147045B416B3} = {ADC4099D-4720-42AF-BCE1-3DA439BDD839}
		{76B982E1-FD51-42F9-B2F2-222332B9B0A9} = {1C315C60-FD5D-447C-BD75-644783EFF837}
		{C5711B13-6F13-4CF1-BB0D-07AD3F5632C2} = {1C315C60-FD5D-447C-BD75-644783EFF837}
		{B09BACC5-8123-4307-A087-F299AAE916AA} = {1C315C60-FD5D-447C-BD75-644783EFF837}
		{96E719C2-2A56-40F8-AECC-53BF6519D763} = {167B625E-6264-4BBD-9AB6-8269F92E0D94}
		{B7D96878-3734-482F-A125-4AC07A854C93} = {167B625E-6264-4BBD-9AB6-8269F92E0D94}
		{631EB049-E706-41B1-A5A4-1D431EB90616} = {167B625E-6264-4BBD-9AB6-8269F92E0D94}
		{51297789-D5FA-4BB7-8B33-909C6429D773} = {0ED5C9E4-89FF-491A-AA6E-0220DE8FD90F}
		{FD5E00D0-AF36-4C40-ADCA-ABEBCFC69646} = {0ED5C9E4-89FF-491A-AA6E-0220DE8FD90F}
		{382FE125-3EB2-4308-81AF-97A9B31C874D} = {0ED5C9E4-89FF-491A-AA6E-0220DE8FD90F}
		{B630BDED-6545-42F1-A7EF-6890500A8134} = {51EF9219-5FE9-48EE-A738-F89C32A4DAE0}
		{3469AB47-D5E9-4C96-8BE2-9369A7306C10} = {51EF9219-5FE9-48EE-A738-F89C32A4DAE0}
		{5BCDC7BA-2F1D-4954-9816-D96F17287926} = {51EF9219-5FE9-48EE-A738-F89C32A4DAE0}
	EndGlobalSection
	GlobalSection(ExtensibilityGlobals) = postSolution
		SolutionGuid = {63B8FF97-99C1-4820-9086-F785FB86934D}
	EndGlobalSection
EndGlobal
